<?xml version="1.0" encoding="UTF-8" standalone="yes" ?>
<CodeBlocks_project_file>
	<FileVersion major="1" minor="6" />
	<Project>
		<Option title="convert" />
		<Option pch_mode="2" />
		<Option compiler="gcc" />
		<Build>
			<Target title="Debug">
				<Option output="bin/Debug/convert" prefix_auto="1" extension_auto="1" />
				<Option object_output="obj/Debug/" />
				<Option type="1" />
				<Option compiler="gcc" />
				<Compiler>
					<Add option="-g" />
				</Compiler>
			</Target>
			<Target title="Release">
				<Option output="bin/Release/convert" prefix_auto="1" extension_auto="1" />
				<Option object_output="obj/Release/" />
				<Option type="1" />
				<Option compiler="gcc" />
				<Compiler>
					<Add option="-O2" />
				</Compiler>
				<Linker>
					<Add option="-s" />
				</Linker>
			</Target>
		</Build>
		<Compiler>
			<Add option="-Wall" />
		</Compiler>
		<Unit filename="src/consola.h" />
		<Unit filename="src/conversiones.h" />
		<Unit filename="src/convert.h" />
		<Unit filename="src/strings.h" />
		<Unit filename="src/validacion.h" />
		<Unit filename="src/variables_globales.h" />
		<Unit filename="src/consola.c">
			<Option compilerVar="CC" />
		</Unit>
		<Unit filename="src/conversiones.c">
			<Option compilerVar="CC" />
		</Unit>
		<Unit filename="src/convert.c">
			<Option compilerVar="CC" />
		</Unit>
		<Unit filename="src/strings.c">
			<Option compilerVar="CC" />
		</Unit>
		<Unit filename="src/validacion.c">
			<Option compilerVar="CC" />
		</Unit>
		<Unit filename="src/variables_globales.c">
			<Option compilerVar="CC" />
		</Unit>
		<Extensions>
			<lib_finder disable_auto="1" />
		</Extensions>
	</Project>
</CodeBlocks_project_file>
